{
  "nodes": {
    "fenix": {
      "inputs": {
        "nixpkgs": [
          "nixpkgs"
        ],
        "rust-analyzer-src": "rust-analyzer-src"
      },
      "locked": {
        "lastModified": 1778748763,
        "narHash": "sha256-x4dC4C/GtyOGlgIAPml8SfXeHwLkG/66r7zk7ueL0OM=",
        "owner": "nix-community",
        "repo": "fenix",
        "rev": "67a701a5cb6507815a33d8f7b3466c78a7d724e7",
        "type": "github"
      },
      "original": {
        "owner": "nix-community",
        "repo": "fenix",
        "type": "github"
      }
    },
    "fenix_2": {
      "inputs": {
        "nixpkgs": [
          "matrix-wallpaper",
          "nixpkgs"
        ],
        "rust-analyzer-src": "rust-analyzer-src_2"
      },
      "locked": {
        "lastModified": 1773213034,
        "narHash": "sha256-XX02kIGvcsVZKiRwr3COkBIZ5s+TP9gfRkW2Oad6hqE=",
        "owner": "nix-community",
        "repo": "fenix",
        "rev": "42f953f569ac5761b197ca51c25cf1f9ceb78448",
        "type": "github"
      },
      "original": {
        "owner": "nix-community",
        "repo": "fenix",
        "type": "github"
      }
    },
    "fenix_3": {
      "inputs": {
        "nixpkgs": [
          "serpentine",
          "nixpkgs"
        ],
        "rust-analyzer-src": "rust-analyzer-src_3"
      },
      "locked": {
        "lastModified": 1774423251,
        "narHash": "sha256-g/PP8G9WcP4vtZVOBNYwfGxLnwLQoTERHnef8irAMeQ=",
        "owner": "nix-community",
        "repo": "fenix",
        "rev": "b70d7535088cd8a9e4322c372a475f66ffa18adf",
        "type": "github"
      },
      "original": {
        "owner": "nix-community",
        "repo": "fenix",
        "type": "github"
      }
    },
    "fenix_4": {
      "inputs": {
        "nixpkgs": [
          "tree-sitter-serpentine",
          "serpentine",
          "nixpkgs"
        ],
        "rust-analyzer-src": "rust-analyzer-src_4"
      },
      "locked": {
        "lastModified": 1764571808,
        "narHash": "sha256-+oo9W5rz03TjfpNqDSLEQwgKiuBbjrHdORyTHli2RuM=",
        "owner": "nix-community",
        "repo": "fenix",
        "rev": "df3c2e78ec13418f85c1f26e77a50f865ec57d38",
        "type": "github"
      },
      "original": {
        "owner": "nix-community",
        "repo": "fenix",
        "type": "github"
      }
    },
    "flake-parts": {
      "inputs": {
        "nixpkgs-lib": [
          "nixvim",
          "nixpkgs"
        ]
      },
      "locked": {
        "lastModified": 1777988971,
        "narHash": "sha256-qIoWPDs+0/8JecyYgE3gpKQxW/4bLW/gp45vow9ioCQ=",
        "owner": "hercules-ci",
        "repo": "flake-parts",
        "rev": "0678d8986be1661af6bb555f3489f2fdfc31f6ff",
        "type": "github"
      },
      "original": {
        "owner": "hercules-ci",
        "repo": "flake-parts",
        "type": "github"
      }
    },
    "flake-utils": {
      "inputs": {
        "systems": "systems"
      },
      "locked": {
        "lastModified": 1731533236,
        "narHash": "sha256-l0KFg5HjrsfsO/JpG+r7fRrqm12kzFHyUHqHCVpMMbI=",
        "owner": "numtide",
        "repo": "flake-utils",
        "rev": "11707dc2f618dd54ca8739b309ec4fc024de578b",
        "type": "github"
      },
      "original": {
        "owner": "numtide",
        "repo": "flake-utils",
        "type": "github"
      }
    },
    "flake-utils_2": {
      "inputs": {
        "systems": "systems_2"
      },
      "locked": {
        "lastModified": 1731533236,
        "narHash": "sha256-l0KFg5HjrsfsO/JpG+r7fRrqm12kzFHyUHqHCVpMMbI=",
        "owner": "numtide",
        "repo": "flake-utils",
        "rev": "11707dc2f618dd54ca8739b309ec4fc024de578b",
        "type": "github"
      },
      "original": {
        "owner": "numtide",
        "repo": "flake-utils",
        "type": "github"
      }
    },
    "flake-utils_3": {
      "inputs": {
        "systems": "systems_4"
      },
      "locked": {
        "lastModified": 1731533236,
        "narHash": "sha256-l0KFg5HjrsfsO/JpG+r7fRrqm12kzFHyUHqHCVpMMbI=",
        "owner": "numtide",
        "repo": "flake-utils",
        "rev": "11707dc2f618dd54ca8739b309ec4fc024de578b",
        "type": "github"
      },
      "original": {
        "owner": "numtide",
        "repo": "flake-utils",
        "type": "github"
      }
    },
    "flake-utils_4": {
      "inputs": {
        "systems": "systems_5"
      },
      "locked": {
        "lastModified": 1731533236,
        "narHash": "sha256-l0KFg5HjrsfsO/JpG+r7fRrqm12kzFHyUHqHCVpMMbI=",
        "owner": "numtide",
        "repo": "flake-utils",
        "rev": "11707dc2f618dd54ca8739b309ec4fc024de578b",
        "type": "github"
      },
      "original": {
        "owner": "numtide",
        "repo": "flake-utils",
        "type": "github"
      }
    },
    "flake-utils_5": {
      "inputs": {
        "systems": "systems_6"
      },
      "locked": {
        "lastModified": 1731533236,
        "narHash": "sha256-l0KFg5HjrsfsO/JpG+r7fRrqm12kzFHyUHqHCVpMMbI=",
        "owner": "numtide",
        "repo": "flake-utils",
        "rev": "11707dc2f618dd54ca8739b309ec4fc024de578b",
        "type": "github"
      },
      "original": {
        "owner": "numtide",
        "repo": "flake-utils",
        "type": "github"
      }
    },
    "home-manager": {
      "inputs": {
        "nixpkgs": [
          "nixpkgs"
        ]
      },
      "locked": {
        "lastModified": 1778805320,
        "narHash": "sha256-nGFJ01m2CTBKD4ABtcY4vLhHrRN91LKr/pn41PcU78A=",
        "owner": "nix-community",
        "repo": "home-manager",
        "rev": "9846abe15e7d0d36b8acbd4d05f2b87461744c92",
        "type": "github"
      },
      "original": {
        "owner": "nix-community",
        "repo": "home-manager",
        "type": "github"
      }
    },
    "jj-starship": {
      "inputs": {
        "flake-utils": "flake-utils",
        "nixpkgs": [
          "nixpkgs"
        ]
      },
      "locked": {
        "lastModified": 1778676598,
        "narHash": "sha256-NLds7i1ZmscicaNLmkZCWmc7A+367BXxGioRd4yYof8=",
        "owner": "dmmulroy",
        "repo": "jj-starship",
        "rev": "292224a93d5490332f32cc26d77676ccaeec0bfa",
        "type": "github"
      },
      "original": {
        "owner": "dmmulroy",
        "repo": "jj-starship",
        "type": "github"
      }
    },
    "matrix-wallpaper": {
      "inputs": {
        "fenix": "fenix_2",
        "flake-utils": "flake-utils_2",
        "nixpkgs": [
          "nixpkgs"
        ]
      },
      "locked": {
        "lastModified": 1773243920,
        "narHash": "sha256-mw3tcyK80TrXXOc6L2ki7gvVdMlGlKAKUPcMuITroY4=",
        "owner": "vivax3794",
        "repo": "matrix_reactive_wallpaper",
        "rev": "81ef95aae5295a861633cc164fb7d351d0541908",
        "type": "github"
      },
      "original": {
        "owner": "vivax3794",
        "repo": "matrix_reactive_wallpaper",
        "type": "github"
      }
    },
    "niri": {
      "inputs": {
        "niri-stable": "niri-stable",
        "niri-unstable": "niri-unstable",
        "nixpkgs": [
          "nixpkgs"
        ],
        "nixpkgs-stable": "nixpkgs-stable",
        "xwayland-satellite-stable": "xwayland-satellite-stable",
        "xwayland-satellite-unstable": "xwayland-satellite-unstable"
      },
      "locked": {
        "lastModified": 1778600236,
        "narHash": "sha256-jWlIT+uKqKZoz6rNweobs/h6FfI5dKnC5OO7/3T7Tdw=",
        "owner": "sodiboo",
        "repo": "niri-flake",
        "rev": "f525d3b0a684d463dc9cf5c59359b9e67a372939",
        "type": "github"
      },
      "original": {
        "owner": "sodiboo",
        "repo": "niri-flake",
        "type": "github"
      }
    },
    "niri-stable": {
      "flake": false,
      "locked": {
        "lastModified": 1756556321,
        "narHash": "sha256-RLD89dfjN0RVO86C/Mot0T7aduCygPGaYbog566F0Qo=",
        "owner": "YaLTeR",
        "repo": "niri",
        "rev": "01be0e65f4eb91a9cd624ac0b76aaeab765c7294",
        "type": "github"
      },
      "original": {
        "owner": "YaLTeR",
        "ref": "v25.08",
        "repo": "niri",
        "type": "github"
      }
    },
    "niri-unstable": {
      "flake": false,
      "locked": {
        "lastModified": 1778389445,
        "narHash": "sha256-9NyDMVf8ydUZGTzcPcLMQf0o1B3bte/00UGbuXHNWh8=",
        "owner": "YaLTeR",
        "repo": "niri",
        "rev": "38191826cb1e5fb9051a7e141fefe4941a2b4bed",
        "type": "github"
      },
      "original": {
        "owner": "YaLTeR",
        "repo": "niri",
        "type": "github"
      }
    },
    "nix-flatpak": {
      "locked": {
        "lastModified": 1767983141,
        "narHash": "sha256-7ZCulYUD9RmJIDULTRkGLSW1faMpDlPKcbWJLYHoXcs=",
        "owner": "gmodena",
        "repo": "nix-flatpak",
        "rev": "440818969ac2cbd77bfe025e884d0aa528991374",
        "type": "github"
      },
      "original": {
        "owner": "gmodena",
        "ref": "latest",
        "repo": "nix-flatpak",
        "type": "github"
      }
    },
    "nixpkgs": {
      "locked": {
        "lastModified": 1778443072,
        "narHash": "sha256-zi7/fsqM/kFdNuED//4WOCUtezGtKKqRNORjMvfwjnA=",
        "owner": "NixOS",
        "repo": "nixpkgs",
        "rev": "da5ad661ba4e5ef59ba743f0d112cbc30e474f32",
        "type": "github"
      },
      "original": {
        "owner": "NixOS",
        "ref": "nixos-unstable",
        "repo": "nixpkgs",
        "type": "github"
      }
    },
    "nixpkgs-stable": {
      "locked": {
        "lastModified": 1778430510,
        "narHash": "sha256-Ti+ZBvW6yrWWAg2szExVTwCd4qOJ3KlVr1tFHfyfi8Q=",
        "owner": "NixOS",
        "repo": "nixpkgs",
        "rev": "8fd9daa3db09ced9700431c5b7ad0e8ba199b575",
        "type": "github"
      },
      "original": {
        "owner": "NixOS",
        "ref": "nixos-25.11",
        "repo": "nixpkgs",
        "type": "github"
      }
    },
    "nixpkgs_2": {
      "locked": {
        "lastModified": 1764517877,
        "narHash": "sha256-pp3uT4hHijIC8JUK5MEqeAWmParJrgBVzHLNfJDZxg4=",
        "owner": "nixos",
        "repo": "nixpkgs",
        "rev": "2d293cbfa5a793b4c50d17c05ef9e385b90edf6c",
        "type": "github"
      },
      "original": {
        "owner": "nixos",
        "ref": "nixos-unstable",
        "repo": "nixpkgs",
        "type": "github"
      }
    },
    "nixvim": {
      "inputs": {
        "flake-parts": "flake-parts",
        "nixpkgs": [
          "nixpkgs"
        ],
        "systems": "systems_3"
      },
      "locked": {
        "lastModified": 1778784534,
        "narHash": "sha256-YhdVzgWiX8+qGdL5rybY7I4nL6SWQAHGn4hGS2+XOzk=",
        "owner": "nix-community",
        "repo": "nixvim",
        "rev": "d885c9b79b3364b8bf63f1e0cb503d7c739d401f",
        "type": "github"
      },
      "original": {
        "owner": "nix-community",
        "repo": "nixvim",
        "type": "github"
      }
    },
    "root": {
      "inputs": {
        "fenix": "fenix",
        "home-manager": "home-manager",
        "jj-starship": "jj-starship",
        "matrix-wallpaper": "matrix-wallpaper",
        "niri": "niri",
        "nix-flatpak": "nix-flatpak",
        "nixpkgs": "nixpkgs",
        "nixvim": "nixvim",
        "serpentine": "serpentine",
        "tree-sitter-serpentine": "tree-sitter-serpentine",
        "zen-browser": "zen-browser"
      }
    },
    "rust-analyzer-src": {
      "flake": false,
      "locked": {
        "lastModified": 1778703600,
        "narHash": "sha256-EpgXYEuDyqWKcyhO4EP/nRY+7ZnQwNDBYMVb/k06ME4=",
        "owner": "rust-lang",
        "repo": "rust-analyzer",
        "rev": "77db6109f0952f64ffc94d2e4215aa20b3d703bf",
        "type": "github"
      },
      "original": {
        "owner": "rust-lang",
        "ref": "nightly",
        "repo": "rust-analyzer",
        "type": "github"
      }
    },
    "rust-analyzer-src_2": {
      "flake": false,
      "locked": {
        "lastModified": 1773182115,
        "narHash": "sha256-m3tXlrz8qG9IXPvhImtLyKUbsSXx46HFbzNFNlbwPno=",
        "owner": "rust-lang",
        "repo": "rust-analyzer",
        "rev": "e0269ce3f2ff14bdf220e7bdf12e80f4431897a1",
        "type": "github"
      },
      "original": {
        "owner": "rust-lang",
        "ref": "nightly",
        "repo": "rust-analyzer",
        "type": "github"
      }
    },
    "rust-analyzer-src_3": {
      "flake": false,
      "locked": {
        "lastModified": 1774376228,
        "narHash": "sha256-7oA0u4aghFjjIcIDKZ26NUpXH7hVXGPC0sI1OfK7NUk=",
        "owner": "rust-lang",
        "repo": "rust-analyzer",
        "rev": "eabb84b771420b8396ab4bb4747694302d9be277",
        "type": "github"
      },
      "original": {
        "owner": "rust-lang",
        "ref": "nightly",
        "repo": "rust-analyzer",
        "type": "github"
      }
    },
    "rust-analyzer-src_4": {
      "flake": false,
      "locked": {
        "lastModified": 1764525349,
        "narHash": "sha256-vR3vU9AwzMsBvjNeeG2inA5W/2MwseFk5NIIrLFEMHk=",
        "owner": "rust-lang",
        "repo": "rust-analyzer",
        "rev": "d646b23f000d099d845f999c2c1e05b15d9cdc78",
        "type": "github"
      },
      "original": {
        "owner": "rust-lang",
        "ref": "nightly",
        "repo": "rust-analyzer",
        "type": "github"
      }
    },
    "serpentine": {
      "inputs": {
        "fenix": "fenix_3",
        "flake-utils": "flake-utils_3",
        "nixpkgs": [
          "nixpkgs"
        ]
      },
      "locked": {
        "lastModified": 1776325070,
        "narHash": "sha256-mtXlgO4qmGbWbAQ9PAF7HYSaQz5VsvHzXzN88B+s7UU=",
        "owner": "Serpent-Tools",
        "repo": "serpentine",
        "rev": "3cb31941e92d4932b2c421bfa26eb2aa4f5bd909",
        "type": "github"
      },
      "original": {
        "owner": "Serpent-Tools",
        "repo": "serpentine",
        "type": "github"
      }
    },
    "serpentine_2": {
      "inputs": {
        "fenix": "fenix_4",
        "flake-utils": "flake-utils_5",
        "nixpkgs": [
          "tree-sitter-serpentine",
          "nixpkgs"
        ]
      },
      "locked": {
        "lastModified": 1764579042,
        "narHash": "sha256-6OaTRRtynuyoX/CQ6xx1RbrPgrJk2j84pCuJoLHCCgo=",
        "owner": "Serpent-Tools",
        "repo": "serpentine",
        "rev": "04a30218ae28ba09316451ea6b23df9721453d4f",
        "type": "github"
      },
      "original": {
        "owner": "Serpent-Tools",
        "repo": "serpentine",
        "type": "github"
      }
    },
    "systems": {
      "locked": {
        "lastModified": 1681028828,
        "narHash": "sha256-Vy1rq5AaRuLzOxct8nz4T6wlgyUR7zLU309k9mBC768=",
        "owner": "nix-systems",
        "repo": "default",
        "rev": "da67096a3b9bf56a91d16901293e51ba5b49a27e",
        "type": "github"
      },
      "original": {
        "owner": "nix-systems",
        "repo": "default",
        "type": "github"
      }
    },
    "systems_2": {
      "locked": {
        "lastModified": 1681028828,
        "narHash": "sha256-Vy1rq5AaRuLzOxct8nz4T6wlgyUR7zLU309k9mBC768=",
        "owner": "nix-systems",
        "repo": "default",
        "rev": "da67096a3b9bf56a91d16901293e51ba5b49a27e",
        "type": "github"
      },
      "original": {
        "owner": "nix-systems",
        "repo": "default",
        "type": "github"
      }
    },
    "systems_3": {
      "locked": {
        "lastModified": 1681028828,
        "narHash": "sha256-Vy1rq5AaRuLzOxct8nz4T6wlgyUR7zLU309k9mBC768=",
        "owner": "nix-systems",
        "repo": "default",
        "rev": "da67096a3b9bf56a91d16901293e51ba5b49a27e",
        "type": "github"
      },
      "original": {
        "owner": "nix-systems",
        "repo": "default",
        "type": "github"
      }
    },
    "systems_4": {
      "locked": {
        "lastModified": 1681028828,
        "narHash": "sha256-Vy1rq5AaRuLzOxct8nz4T6wlgyUR7zLU309k9mBC768=",
        "owner": "nix-systems",
        "repo": "default",
        "rev": "da67096a3b9bf56a91d16901293e51ba5b49a27e",
        "type": "github"
      },
      "original": {
        "owner": "nix-systems",
        "repo": "default",
        "type": "github"
      }
    },
    "systems_5": {
      "locked": {
        "lastModified": 1681028828,
        "narHash": "sha256-Vy1rq5AaRuLzOxct8nz4T6wlgyUR7zLU309k9mBC768=",
        "owner": "nix-systems",
        "repo": "default",
        "rev": "da67096a3b9bf56a91d16901293e51ba5b49a27e",
        "type": "github"
      },
      "original": {
        "owner": "nix-systems",
        "repo": "default",
        "type": "github"
      }
    },
    "systems_6": {
      "locked": {
        "lastModified": 1681028828,
        "narHash": "sha256-Vy1rq5AaRuLzOxct8nz4T6wlgyUR7zLU309k9mBC768=",
        "owner": "nix-systems",
        "repo": "default",
        "rev": "da67096a3b9bf56a91d16901293e51ba5b49a27e",
        "type": "github"
      },
      "original": {
        "owner": "nix-systems",
        "repo": "default",
        "type": "github"
      }
    },
    "tree-sitter-serpentine": {
      "inputs": {
        "flake-utils": "flake-utils_4",
        "nixpkgs": "nixpkgs_2",
        "serpentine": "serpentine_2"
      },
      "locked": {
        "lastModified": 1764666314,
        "narHash": "sha256-rEH+quGPS769wln7BJFvepQr1eNg+MtNiqZWwSxCVTQ=",
        "owner": "Serpent-Tools",
        "repo": "tree-sitter-serpentine",
        "rev": "66f7e6a56915b7a54d9228e6c568e1b567a43457",
        "type": "github"
      },
      "original": {
        "owner": "Serpent-Tools",
        "repo": "tree-sitter-serpentine",
        "type": "github"
      }
    },
    "xwayland-satellite-stable": {
      "flake": false,
      "locked": {
        "lastModified": 1755491097,
        "narHash": "sha256-m+9tUfsmBeF2Gn4HWa6vSITZ4Gz1eA1F5Kh62B0N4oE=",
        "owner": "Supreeeme",
        "repo": "xwayland-satellite",
        "rev": "388d291e82ffbc73be18169d39470f340707edaa",
        "type": "github"
      },
      "original": {
        "owner": "Supreeeme",
        "ref": "v0.7",
        "repo": "xwayland-satellite",
        "type": "github"
      }
    },
    "xwayland-satellite-unstable": {
      "flake": false,
      "locked": {
        "lastModified": 1773622265,
        "narHash": "sha256-wToKwH7IgWdGLMSIWksEDs4eumR6UbbsuPQ42r0oTXQ=",
        "owner": "Supreeeme",
        "repo": "xwayland-satellite",
        "rev": "a879e5e0896a326adc79c474bf457b8b99011027",
        "type": "github"
      },
      "original": {
        "owner": "Supreeeme",
        "repo": "xwayland-satellite",
        "type": "github"
      }
    },
    "zen-browser": {
      "inputs": {
        "home-manager": [
          "home-manager"
        ],
        "nixpkgs": [
          "nixpkgs"
        ]
      },
      "locked": {
        "lastModified": 1778799443,
        "narHash": "sha256-lNFVDKuh5xJn+VrF8gI+EmFmUgRlmQZWxQHJGNLqcp0=",
        "owner": "0xc000022070",
        "repo": "zen-browser-flake",
        "rev": "2a400947d9b911ab6b3073de7d6bb43f04cc0479",
        "type": "github"
      },
      "original": {
        "owner": "0xc000022070",
        "repo": "zen-browser-flake",
        "type": "github"
      }
    }
  },
  "root": "root",
  "version": 7
}
